
Microsoft Visual Studio Solution File, Format Version 12.00
# Visual Studio Version 16
VisualStudioVersion = 16.0.31019.35
MinimumVisualStudioVersion = 10.0.40219.1
Project("{FAE04EC0-301F-11D3-BF4B-00C04F79EFBC}") = "ChessGame", "Chess\ChessGame.csproj", "{4B240AB7-3BEA-47FE-A741-83ED69364396}"
EndProject
Global
	GlobalSection(SolutionConfigurationPlatforms) = preSolution
		Debug|Any CPU = Debug|Any CPU
		Release|Any CPU = Release|Any CPU
	EndGlobalSection
	GlobalSection(ProjectConfigurationPlatforms) = postSolution
		{4B240AB7-3BEA-47FE-A741-83ED69364396}.Debug|Any CPU.ActiveCfg = Debug|Any CPU
		{4B240AB7-3BEA-47FE-A741-83ED69364396}.Debug|Any CPU.Build.0 = Debug|Any CPU
		{4B240AB7-3BEA-47FE-A741-83ED69364396}.Release|Any CPU.ActiveCfg = Release|Any CPU
		{4B240AB7-3BEA-47FE-A741-83ED69364396}.Release|Any CPU.Build.0 = Release|Any CPU
	EndGlobalSection
	GlobalSection(SolutionProperties) = preSolution
		HideSolutionNode = FALSE
	EndGlobalSection
	GlobalSection(ExtensibilityGlobals) = postSolution
		SolutionGuid = {E41CD49D-C6B8-4051-A0E1-35CD1C0BE761}
	EndGlobalSection
EndGlobal
